version = 1
revision = 3
requires-python = ">=3.12"

[[package]]
name = "cmake"
version = "4.3.1"
source = { registry = "https://pypi.org/simple" }
sdist = { url = "https://files.pythonhosted.org/packages/40/72/c295e190193af5f41d583517db1ca1cf43eaa2af8140856dca114fa6486d/cmake-4.3.1.tar.gz", hash = "sha256:6fe523413cdd2568a19a6ec297b8f869a95a3f8edaf0dd73731b81412216e00e", size = 36968, upload-time = "2026-03-31T21:02:08.594Z" }
wheels = [
    { url = "https://files.pythonhosted.org/packages/43/07/05be57c389f8f0c3d0d7b878685ec1eed863b77787d65584c9399e294531/cmake-4.3.1-py3-none-macosx_10_10_universal2.whl", hash = "sha256:976337df534f4eea6b100a7af39f9a7a538aa5fd65b7d770cf2a07907439dca8", size = 52555201, upload-time = "2026-03-28T15:28:10.956Z" },
    { url = "https://files.pythonhosted.org/packages/9b/80/09c381519855d53a5cce0e5e10e184f9e89caf6a6f1f7d7b42c17bd68d2e/cmake-4.3.1-py3-none-manylinux2014_aarch64.manylinux_2_17_aarch64.whl", hash = "sha256:bb7b7ef74beb69c099c39d7f151cfc94256bba1b75354e48ea87d6bf0dcb3007", size = 29569639, upload-time = "2026-03-28T15:28:14.368Z" },
    { url = "https://files.pythonhosted.org/packages/d6/0d/eab407c3592442711584d09bef5de17df93f39ea69baaa310c4564436177/cmake-4.3.1-py3-none-manylinux2014_i686.manylinux_2_17_i686.whl", hash = "sha256:8874aac9fbd07d71c506fcaf57255ff2cc015a15ea44146c0d1e694843d5e312", size = 30668021, upload-time = "2026-03-28T15:28:17.284Z" },
    { url = "https://files.pythonhosted.org/packages/ed/de/c7f487b21b33918c0af1dabfdf8d858799e01d62c2bd139fc871b86b21a2/cmake-4.3.1-py3-none-manylinux2014_ppc64le.manylinux_2_17_ppc64le.whl", hash = "sha256:f439501f3f3ecf1dbafbee6226fc6cc680203202ddfe59586357d076c417ae8f", size = 30454909, upload-time = "2026-03-31T21:01:21.595Z" },
    { url = "https://files.pythonhosted.org/packages/c4/9c/2de3a3b5a5983b72c3e2eeaa23a6c8d251ebae79d15cedb9818e708a4caf/cmake-4.3.1-py3-none-manylinux2014_s390x.manylinux_2_17_s390x.whl", hash = "sha256:345f5e4ee783cd7691c6b54a631b43bb0c2efabf45afa64ac9000f9b0885d250", size = 28373243, upload-time = "2026-03-31T21:01:24.896Z" },
    { url = "https://files.pythonhosted.org/packages/87/32/542ed40b3393bced9af073402f75fb6ae3e57d6656cc38a9470942de7b8c/cmake-4.3.1-py3-none-manylinux2014_x86_64.manylinux_2_17_x86_64.whl", hash = "sha256:80fc99c1958dbd926f529448dfcdbb1b176ecf31a8d485a3d68bd469487e8933", size = 29504762, upload-time = "2026-03-31T21:01:28.15Z" },
    { url = "https://files.pythonhosted.org/packages/7f/ec/4f99b7414984d668aaa9c6214df84af689db8756f1536ea81720bb2fef91/cmake-4.3.1-py3-none-manylinux_2_31_armv7l.whl", hash = "sha256:fdb744921ff4739e755faee005b36b97223d2bb8591ebd7b57abb5cf97300925", size = 26620758, upload-time = "2026-03-31T21:01:31.017Z" },
    { url = "https://files.pythonhosted.org/packages/bf/b4/627e18c8acf6219b1c8c521e7d702bca36edab21994992b64e68e1007430/cmake-4.3.1-py3-none-manylinux_2_31_riscv64.whl", hash = "sha256:fdc39eb421177bfa946af3600c797612ee76bfe6daa6036ff8958c504a99937b", size = 26759382, upload-time = "2026-03-31T21:01:33.833Z" },
    { url = "https://files.pythonhosted.org/packages/cc/e1/e3b3dd1c81e72329f1ec3350a02154f74547eab2c1db8270eb2bc344edc1/cmake-4.3.1-py3-none-musllinux_1_2_aarch64.whl", hash = "sha256:8d1d224f9df9e82f154ad31b9798b7b4c0d509a11ccdca695d0ee4d140c30c6d", size = 38584793, upload-time = "2026-03-31T21:01:36.853Z" },
    { url = "https://files.pythonhosted.org/packages/98/3e/7a1ca1992de268fe1284b3738549ea8859f665dec294d584ae9200d66ce6/cmake-4.3.1-py3-none-musllinux_1_2_armv7l.whl", hash = "sha256:056483831febe0934f25959bc74da077b18f23c7a064a0417432447ec27b8fb2", size = 35214335, upload-time = "2026-03-31T21:01:40.857Z" },
    { url = "https://files.pythonhosted.org/packages/16/ce/9b0e79835b674d2680fae7e57d3229abac0765c3d80ddcc6c5c67ec78fd8/cmake-4.3.1-py3-none-musllinux_1_2_i686.whl", hash = "sha256:9567aac26ee7a0594e6b71a8f94e907c7ce957cdeedeca1404504228f2c9885f", size = 41252469, upload-time = "2026-03-31T21:01:44.393Z" },
    { url = "https://files.pythonhosted.org/packages/bf/3a/eb15faf1ce961431017cda585650bd37a259fe53e836eae34263ea3647ab/cmake-4.3.1-py3-none-musllinux_1_2_ppc64le.whl", hash = "sha256:8cadd35606d3e4f9a43173f7236cd8947fb9652fdfb272a916f0600ad169fbf2", size = 40427440, upload-time = "2026-03-31T21:01:47.715Z" },
    { url = "https://files.pythonhosted.org/packages/48/34/b76e2c7aa0c1aa833430a2b4a1caff3f4163b9db7c38d208a4b6e0287d54/cmake-4.3.1-py3-none-musllinux_1_2_riscv64.whl", hash = "sha256:75622c1e7266e60fab9d4f1f4b4dc25f22a4b57e902d9792c39538f46a997269", size = 35482864, upload-time = "2026-03-31T21:01:50.611Z" },
    { url = "https://files.pythonhosted.org/packages/3a/3b/afd7d51aabec951e8881812d9bf1d4c74c1882434e97eb9ed6f097591dd1/cmake-4.3.1-py3-none-musllinux_1_2_s390x.whl", hash = "sha256:e43acaa51bb8fe57a914424edb0efa91eb82d577fb74ecc6ff67da47a1d23524", size = 37712157, upload-time = "2026-03-31T21:01:53.674Z" },
    { url = "https://files.pythonhosted.org/packages/4f/be/6d9c4f0ef5383622c3d7fd508acb531b1cbaee530e7cf4196c415f548131/cmake-4.3.1-py3-none-musllinux_1_2_x86_64.whl", hash = "sha256:e8bc1c42517ed9cb26eb293e720449830940ef7be6dcc101638b9cc65ece98c8", size = 38543688, upload-time = "2026-03-31T21:01:56.785Z" },
    { url = "https://files.pythonhosted.org/packages/3a/49/ca3671c1b6859b5efe5b9f1bebf95cad823d48a3a8f366a72e207a1d7a02/cmake-4.3.1-py3-none-win32.whl", hash = "sha256:cd9058d730da5fa68394c41b26036b18850de494d730a0a85cde51558138b70b", size = 37816372, upload-time = "2026-03-31T21:01:59.873Z" },
    { url = "https://files.pythonhosted.org/packages/2a/2a/a8db7d73a6941e9d4a177011137378b222cd6dcec383f1998f3594c73a0c/cmake-4.3.1-py3-none-win_amd64.whl", hash = "sha256:73fb3851fe760b0395983c5d3dd6da2364b1ce324f8546aee2078d162d96005a", size = 41267090, upload-time = "2026-03-31T21:02:03.04Z" },
    { url = "https://files.pythonhosted.org/packages/9b/be/d62156e55b8a9614f29cd8e576e9bf925ee2b428e43bb0c4f02b5cb97c65/cmake-4.3.1-py3-none-win_arm64.whl", hash = "sha256:86e97fed7c9a61638b08937981fdc9bca9caec9df9c88b87aa0a47442583e02a", size = 39606866, upload-time = "2026-03-31T21:02:05.973Z" },
]

[[package]]
name = "colorama"
version = "0.4.6"
source = { registry = "https://pypi.org/simple" }
sdist = { url = "https://files.pythonhosted.org/packages/d8/53/6f443c9a4a8358a93a6792e2acffb9d9d5cb0a5cfd8802644b7b1c9a02e4/colorama-0.4.6.tar.gz", hash = "sha256:08695f5cb7ed6e0531a20572697297273c47b8cae5a63ffc6d6ed5c201be6e44", size = 27697, upload-time = "2022-10-25T02:36:22.414Z" }
wheels = [
    { url = "https://files.pythonhosted.org/packages/d1/d6/3965ed04c63042e047cb6a3e6ed1a63a35087b6a609aa3a15ed8ac56c221/colorama-0.4.6-py2.py3-none-any.whl", hash = "sha256:4f1d9991f5acc0ca119f9d443620b77f9d6b33703e51011c16baf57afb285fc6", size = 25335, upload-time = "2022-10-25T02:36:20.889Z" },
]

[[package]]
name = "iniconfig"
version = "2.3.0"
source = { registry = "https://pypi.org/simple" }
sdist = { url = "https://files.pythonhosted.org/packages/72/34/14ca021ce8e5dfedc35312d08ba8bf51fdd999c576889fc2c24cb97f4f10/iniconfig-2.3.0.tar.gz", hash = "sha256:c76315c77db068650d49c5b56314774a7804df16fee4402c1f19d6d15d8c4730", size = 20503, upload-time = "2025-10-18T21:55:43.219Z" }
wheels = [
    { url = "https://files.pythonhosted.org/packages/cb/b1/3846dd7f199d53cb17f49cba7e651e9ce294d8497c8c150530ed11865bb8/iniconfig-2.3.0-py3-none-any.whl", hash = "sha256:f631c04d2c48c52b84d0d0549c99ff3859c98df65b3101406327ecc7d53fbf12", size = 7484, upload-time = "2025-10-18T21:55:41.639Z" },
]

[[package]]
name = "ktir-mlir-frontend"
version = "0.1.0"
source = { editable = "." }
dependencies = [
    { name = "nanobind" },
]

[package.optional-dependencies]
mlir = [
    { name = "mlir-wheel" },
]
test = [
    { name = "lit" },
    { name = "pytest" },
]

[package.dev-dependencies]
llvm-build = [
    { name = "cmake" },
    { name = "ninja" },
    { name = "numpy" },
    { name = "sccache" },
]

[package.metadata]
requires-dist = [
    { name = "lit", marker = "extra == 'test'" },
    { name = "mlir-wheel", marker = "extra == 'mlir'" },
    { name = "nanobind", specifier = ">=2.12.0" },
    { name = "pytest", marker = "extra == 'test'" },
]
provides-extras = ["mlir", "test"]

[package.metadata.requires-dev]
llvm-build = [
    { name = "cmake" },
    { name = "ninja" },
    { name = "numpy", specifier = "<2" },
    { name = "sccache" },
]

[[package]]
name = "lit"
version = "18.1.8"
source = { registry = "https://pypi.org/simple" }
sdist = { url = "https://files.pythonhosted.org/packages/47/b4/d7e210971494db7b9a9ac48ff37dfa59a8b14c773f9cf47e6bda58411c0d/lit-18.1.8.tar.gz", hash = "sha256:47c174a186941ae830f04ded76a3444600be67d5e5fb8282c3783fba671c4edb", size = 161127, upload-time = "2024-06-25T14:33:14.489Z" }
wheels = [
    { url = "https://files.pythonhosted.org/packages/96/06/b36f150fa7c5bcc96a31a4d19a20fddbd1d965b6f02510b57a3bb8d4b930/lit-18.1.8-py3-none-any.whl", hash = "sha256:a873ff7acd76e746368da32eb7355625e2e55a2baaab884c9cc130f2ee0300f7", size = 96365, upload-time = "2024-06-25T14:33:12.101Z" },
]

[[package]]
name = "mlir-wheel"
version = "20260409+3b3ac5a11"
source = { registry = "https://llvm.github.io/eudsl" }
wheels = [
    { url = "https://github.com/llvm/eudsl/releases/download/llvm/mlir_wheel-20260409+3b3ac5a11-py3-none-linux_aarch64.whl" },
    { url = "https://github.com/llvm/eudsl/releases/download/llvm/mlir_wheel-20260409+3b3ac5a11-py3-none-linux_x86_64.whl" },
    { url = "https://github.com/llvm/eudsl/releases/download/llvm/mlir_wheel-20260409+3b3ac5a11-py3-none-macosx_12_0_arm64.whl" },
    { url = "https://github.com/llvm/eudsl/releases/download/llvm/mlir_wheel-20260409+3b3ac5a11-py3-none-win_amd64.whl" },
    { url = "https://github.com/llvm/eudsl/releases/download/llvm/mlir_wheel-20260409+3b3ac5a11-cp312-cp312-pyemscripten_2024_0_wasm32.whl" },
]

[[package]]
name = "nanobind"
version = "2.12.0"
source = { registry = "https://pypi.org/simple" }
sdist = { url = "https://files.pythonhosted.org/packages/c6/5c/3b69bc3933ad3c3668ba029ad410ba8ecfdc8ee7262ff1009f3304f3c562/nanobind-2.12.0.tar.gz", hash = "sha256:0ae77c1a88f27153fa57045ee00f7b0a7b06b1cd3df942e95a34b38c5d0a5bee", size = 1002704, upload-time = "2026-02-25T09:41:54.691Z" }
wheels = [
    { url = "https://files.pythonhosted.org/packages/5a/bf/1a54e3573736f3ad15fc599c5dde007937234652a1a7efd62573b4ce3a7e/nanobind-2.12.0-py3-none-any.whl", hash = "sha256:a10d3d88e691dcdf22696f9acd893fda3c5a05635763aea238829d274fcad480", size = 249512, upload-time = "2026-02-25T09:41:52.908Z" },
]

[[package]]
name = "ninja"
version = "1.13.0"
source = { registry = "https://pypi.org/simple" }
sdist = { url = "https://files.pythonhosted.org/packages/43/73/79a0b22fc731989c708068427579e840a6cf4e937fe7ae5c5d0b7356ac22/ninja-1.13.0.tar.gz", hash = "sha256:4a40ce995ded54d9dc24f8ea37ff3bf62ad192b547f6c7126e7e25045e76f978", size = 242558, upload-time = "2025-08-11T15:10:19.421Z" }
wheels = [
    { url = "https://files.pythonhosted.org/packages/3c/74/d02409ed2aa865e051b7edda22ad416a39d81a84980f544f8de717cab133/ninja-1.13.0-py3-none-macosx_10_9_universal2.whl", hash = "sha256:fa2a8bfc62e31b08f83127d1613d10821775a0eb334197154c4d6067b7068ff1", size = 310125, upload-time = "2025-08-11T15:09:50.971Z" },
    { url = "https://files.pythonhosted.org/packages/8e/de/6e1cd6b84b412ac1ef327b76f0641aeb5dcc01e9d3f9eee0286d0c34fd93/ninja-1.13.0-py3-none-manylinux2014_aarch64.manylinux_2_17_aarch64.whl", hash = "sha256:3d00c692fb717fd511abeb44b8c5d00340c36938c12d6538ba989fe764e79630", size = 177467, upload-time = "2025-08-11T15:09:52.767Z" },
    { url = "https://files.pythonhosted.org/packages/c8/83/49320fb6e58ae3c079381e333575fdbcf1cca3506ee160a2dcce775046fa/ninja-1.13.0-py3-none-manylinux2014_i686.manylinux_2_17_i686.whl", hash = "sha256:be7f478ff9f96a128b599a964fc60a6a87b9fa332ee1bd44fa243ac88d50291c", size = 187834, upload-time = "2025-08-11T15:09:54.115Z" },
    { url = "https://files.pythonhosted.org/packages/56/c7/ba22748fb59f7f896b609cd3e568d28a0a367a6d953c24c461fe04fc4433/ninja-1.13.0-py3-none-manylinux2014_ppc64le.manylinux_2_17_ppc64le.whl", hash = "sha256:60056592cf495e9a6a4bea3cd178903056ecb0943e4de45a2ea825edb6dc8d3e", size = 202736, upload-time = "2025-08-11T15:09:55.745Z" },
    { url = "https://files.pythonhosted.org/packages/79/22/d1de07632b78ac8e6b785f41fa9aad7a978ec8c0a1bf15772def36d77aac/ninja-1.13.0-py3-none-manylinux2014_s390x.manylinux_2_17_s390x.whl", hash = "sha256:1c97223cdda0417f414bf864cfb73b72d8777e57ebb279c5f6de368de0062988", size = 179034, upload-time = "2025-08-11T15:09:57.394Z" },
    { url = "https://files.pythonhosted.org/packages/ed/de/0e6edf44d6a04dabd0318a519125ed0415ce437ad5a1ec9b9be03d9048cf/ninja-1.13.0-py3-none-manylinux2014_x86_64.manylinux_2_17_x86_64.whl", hash = "sha256:fb46acf6b93b8dd0322adc3a4945452a4e774b75b91293bafcc7b7f8e6517dfa", size = 180716, upload-time = "2025-08-11T15:09:58.696Z" },
    { url = "https://files.pythonhosted.org/packages/54/28/938b562f9057aaa4d6bfbeaa05e81899a47aebb3ba6751e36c027a7f5ff7/ninja-1.13.0-py3-none-manylinux_2_28_armv7l.manylinux_2_31_armv7l.whl", hash = "sha256:4be9c1b082d244b1ad7ef41eb8ab088aae8c109a9f3f0b3e56a252d3e00f42c1", size = 146843, upload-time = "2025-08-11T15:10:00.046Z" },
    { url = "https://files.pythonhosted.org/packages/2a/fb/d06a3838de4f8ab866e44ee52a797b5491df823901c54943b2adb0389fbb/ninja-1.13.0-py3-none-manylinux_2_31_riscv64.whl", hash = "sha256:6739d3352073341ad284246f81339a384eec091d9851a886dfa5b00a6d48b3e2", size = 154402, upload-time = "2025-08-11T15:10:01.657Z" },
    { url = "https://files.pythonhosted.org/packages/31/bf/0d7808af695ceddc763cf251b84a9892cd7f51622dc8b4c89d5012779f06/ninja-1.13.0-py3-none-musllinux_1_2_aarch64.whl", hash = "sha256:11be2d22027bde06f14c343f01d31446747dbb51e72d00decca2eb99be911e2f", size = 552388, upload-time = "2025-08-11T15:10:03.349Z" },
    { url = "https://files.pythonhosted.org/packages/9d/70/c99d0c2c809f992752453cce312848abb3b1607e56d4cd1b6cded317351a/ninja-1.13.0-py3-none-musllinux_1_2_armv7l.whl", hash = "sha256:aa45b4037b313c2f698bc13306239b8b93b4680eb47e287773156ac9e9304714", size = 472501, upload-time = "2025-08-11T15:10:04.735Z" },
    { url = "https://files.pythonhosted.org/packages/9f/43/c217b1153f0e499652f5e0766da8523ce3480f0a951039c7af115e224d55/ninja-1.13.0-py3-none-musllinux_1_2_i686.whl", hash = "sha256:5f8e1e8a1a30835eeb51db05cf5a67151ad37542f5a4af2a438e9490915e5b72", size = 638280, upload-time = "2025-08-11T15:10:06.512Z" },
    { url = "https://files.pythonhosted.org/packages/8c/45/9151bba2c8d0ae2b6260f71696330590de5850e5574b7b5694dce6023e20/ninja-1.13.0-py3-none-musllinux_1_2_ppc64le.whl", hash = "sha256:3d7d7779d12cb20c6d054c61b702139fd23a7a964ec8f2c823f1ab1b084150db", size = 642420, upload-time = "2025-08-11T15:10:08.35Z" },
    { url = "https://files.pythonhosted.org/packages/3c/fb/95752eb635bb8ad27d101d71bef15bc63049de23f299e312878fc21cb2da/ninja-1.13.0-py3-none-musllinux_1_2_riscv64.whl", hash = "sha256:d741a5e6754e0bda767e3274a0f0deeef4807f1fec6c0d7921a0244018926ae5", size = 585106, upload-time = "2025-08-11T15:10:09.818Z" },
    { url = "https://files.pythonhosted.org/packages/c1/31/aa56a1a286703800c0cbe39fb4e82811c277772dc8cd084f442dd8e2938a/ninja-1.13.0-py3-none-musllinux_1_2_s390x.whl", hash = "sha256:e8bad11f8a00b64137e9b315b137d8bb6cbf3086fbdc43bf1f90fd33324d2e96", size = 707138, upload-time = "2025-08-11T15:10:11.366Z" },
    { url = "https://files.pythonhosted.org/packages/34/6f/5f5a54a1041af945130abdb2b8529cbef0cdcbbf9bcf3f4195378319d29a/ninja-1.13.0-py3-none-musllinux_1_2_x86_64.whl", hash = "sha256:b4f2a072db3c0f944c32793e91532d8948d20d9ab83da9c0c7c15b5768072200", size = 581758, upload-time = "2025-08-11T15:10:13.295Z" },
    { url = "https://files.pythonhosted.org/packages/95/97/51359c77527d45943fe7a94d00a3843b81162e6c4244b3579fe8fc54cb9c/ninja-1.13.0-py3-none-win32.whl", hash = "sha256:8cfbb80b4a53456ae8a39f90ae3d7a2129f45ea164f43fadfa15dc38c4aef1c9", size = 267201, upload-time = "2025-08-11T15:10:15.158Z" },
    { url = "https://files.pythonhosted.org/packages/29/45/c0adfbfb0b5895aa18cec400c535b4f7ff3e52536e0403602fc1a23f7de9/ninja-1.13.0-py3-none-win_amd64.whl", hash = "sha256:fb8ee8719f8af47fed145cced4a85f0755dd55d45b2bddaf7431fa89803c5f3e", size = 309975, upload-time = "2025-08-11T15:10:16.697Z" },
    { url = "https://files.pythonhosted.org/packages/df/93/a7b983643d1253bb223234b5b226e69de6cda02b76cdca7770f684b795f5/ninja-1.13.0-py3-none-win_arm64.whl", hash = "sha256:3c0b40b1f0bba764644385319028650087b4c1b18cdfa6f45cb39a3669b81aa9", size = 290806, upload-time = "2025-08-11T15:10:18.018Z" },
]

[[package]]
name = "numpy"
version = "1.26.4"
source = { registry = "https://pypi.org/simple" }
sdist = { url = "https://files.pythonhosted.org/packages/65/6e/09db70a523a96d25e115e71cc56a6f9031e7b8cd166c1ac8438307c14058/numpy-1.26.4.tar.gz", hash = "sha256:2a02aba9ed12e4ac4eb3ea9421c420301a0c6460d9830d74a9df87efa4912010", size = 15786129, upload-time = "2024-02-06T00:26:44.495Z" }
wheels = [
    { url = "https://files.pythonhosted.org/packages/95/12/8f2020a8e8b8383ac0177dc9570aad031a3beb12e38847f7129bacd96228/numpy-1.26.4-cp312-cp312-macosx_10_9_x86_64.whl", hash = "sha256:b3ce300f3644fb06443ee2222c2201dd3a89ea6040541412b8fa189341847218", size = 20335901, upload-time = "2024-02-05T23:55:32.801Z" },
    { url = "https://files.pythonhosted.org/packages/75/5b/ca6c8bd14007e5ca171c7c03102d17b4f4e0ceb53957e8c44343a9546dcc/numpy-1.26.4-cp312-cp312-macosx_11_0_arm64.whl", hash = "sha256:03a8c78d01d9781b28a6989f6fa1bb2c4f2d51201cf99d3dd875df6fbd96b23b", size = 13685868, upload-time = "2024-02-05T23:55:56.28Z" },
    { url = "https://files.pythonhosted.org/packages/79/f8/97f10e6755e2a7d027ca783f63044d5b1bc1ae7acb12afe6a9b4286eac17/numpy-1.26.4-cp312-cp312-manylinux_2_17_aarch64.manylinux2014_aarch64.whl", hash = "sha256:9fad7dcb1aac3c7f0584a5a8133e3a43eeb2fe127f47e3632d43d677c66c102b", size = 13925109, upload-time = "2024-02-05T23:56:20.368Z" },
    { url = "https://files.pythonhosted.org/packages/0f/50/de23fde84e45f5c4fda2488c759b69990fd4512387a8632860f3ac9cd225/numpy-1.26.4-cp312-cp312-manylinux_2_17_x86_64.manylinux2014_x86_64.whl", hash = "sha256:675d61ffbfa78604709862923189bad94014bef562cc35cf61d3a07bba02a7ed", size = 17950613, upload-time = "2024-02-05T23:56:56.054Z" },
    { url = "https://files.pythonhosted.org/packages/4c/0c/9c603826b6465e82591e05ca230dfc13376da512b25ccd0894709b054ed0/numpy-1.26.4-cp312-cp312-musllinux_1_1_aarch64.whl", hash = "sha256:ab47dbe5cc8210f55aa58e4805fe224dac469cde56b9f731a4c098b91917159a", size = 13572172, upload-time = "2024-02-05T23:57:21.56Z" },
    { url = "https://files.pythonhosted.org/packages/76/8c/2ba3902e1a0fc1c74962ea9bb33a534bb05984ad7ff9515bf8d07527cadd/numpy-1.26.4-cp312-cp312-musllinux_1_1_x86_64.whl", hash = "sha256:1dda2e7b4ec9dd512f84935c5f126c8bd8b9f2fc001e9f54af255e8c5f16b0e0", size = 17786643, upload-time = "2024-02-05T23:57:56.585Z" },
    { url = "https://files.pythonhosted.org/packages/28/4a/46d9e65106879492374999e76eb85f87b15328e06bd1550668f79f7b18c6/numpy-1.26.4-cp312-cp312-win32.whl", hash = "sha256:50193e430acfc1346175fcbdaa28ffec49947a06918b7b92130744e81e640110", size = 5677803, upload-time = "2024-02-05T23:58:08.963Z" },
    { url = "https://files.pythonhosted.org/packages/16/2e/86f24451c2d530c88daf997cb8d6ac622c1d40d19f5a031ed68a4b73a374/numpy-1.26.4-cp312-cp312-win_amd64.whl", hash = "sha256:08beddf13648eb95f8d867350f6a018a4be2e5ad54c8d8caed89ebca558b2818", size = 15517754, upload-time = "2024-02-05T23:58:36.364Z" },
]

[[package]]
name = "packaging"
version = "26.0"
source = { registry = "https://pypi.org/simple" }
sdist = { url = "https://files.pythonhosted.org/packages/65/ee/299d360cdc32edc7d2cf530f3accf79c4fca01e96ffc950d8a52213bd8e4/packaging-26.0.tar.gz", hash = "sha256:00243ae351a257117b6a241061796684b084ed1c516a08c48a3f7e147a9d80b4", size = 143416, upload-time = "2026-01-21T20:50:39.064Z" }
wheels = [
    { url = "https://files.pythonhosted.org/packages/b7/b9/c538f279a4e237a006a2c98387d081e9eb060d203d8ed34467cc0f0b9b53/packaging-26.0-py3-none-any.whl", hash = "sha256:b36f1fef9334a5588b4166f8bcd26a14e521f2b55e6b9de3aaa80d3ff7a37529", size = 74366, upload-time = "2026-01-21T20:50:37.788Z" },
]

[[package]]
name = "pluggy"
version = "1.6.0"
source = { registry = "https://pypi.org/simple" }
sdist = { url = "https://files.pythonhosted.org/packages/f9/e2/3e91f31a7d2b083fe6ef3fa267035b518369d9511ffab804f839851d2779/pluggy-1.6.0.tar.gz", hash = "sha256:7dcc130b76258d33b90f61b658791dede3486c3e6bfb003ee5c9bfb396dd22f3", size = 69412, upload-time = "2025-05-15T12:30:07.975Z" }
wheels = [
    { url = "https://files.pythonhosted.org/packages/54/20/4d324d65cc6d9205fabedc306948156824eb9f0ee1633355a8f7ec5c66bf/pluggy-1.6.0-py3-none-any.whl", hash = "sha256:e920276dd6813095e9377c0bc5566d94c932c33b27a3e3945d8389c374dd4746", size = 20538, upload-time = "2025-05-15T12:30:06.134Z" },
]

[[package]]
name = "pygments"
version = "2.20.0"
source = { registry = "https://pypi.org/simple" }
sdist = { url = "https://files.pythonhosted.org/packages/c3/b2/bc9c9196916376152d655522fdcebac55e66de6603a76a02bca1b6414f6c/pygments-2.20.0.tar.gz", hash = "sha256:6757cd03768053ff99f3039c1a36d6c0aa0b263438fcab17520b30a303a82b5f", size = 4955991, upload-time = "2026-03-29T13:29:33.898Z" }
wheels = [
    { url = "https://files.pythonhosted.org/packages/f4/7e/a72dd26f3b0f4f2bf1dd8923c85f7ceb43172af56d63c7383eb62b332364/pygments-2.20.0-py3-none-any.whl", hash = "sha256:81a9e26dd42fd28a23a2d169d86d7ac03b46e2f8b59ed4698fb4785f946d0176", size = 1231151, upload-time = "2026-03-29T13:29:30.038Z" },
]

[[package]]
name = "pytest"
version = "9.0.3"
source = { registry = "https://pypi.org/simple" }
dependencies = [
    { name = "colorama", marker = "sys_platform == 'win32'" },
    { name = "iniconfig" },
    { name = "packaging" },
    { name = "pluggy" },
    { name = "pygments" },
]
sdist = { url = "https://files.pythonhosted.org/packages/7d/0d/549bd94f1a0a402dc8cf64563a117c0f3765662e2e668477624baeec44d5/pytest-9.0.3.tar.gz", hash = "sha256:b86ada508af81d19edeb213c681b1d48246c1a91d304c6c81a427674c17eb91c", size = 1572165, upload-time = "2026-04-07T17:16:18.027Z" }
wheels = [
    { url = "https://files.pythonhosted.org/packages/d4/24/a372aaf5c9b7208e7112038812994107bc65a84cd00e0354a88c2c77a617/pytest-9.0.3-py3-none-any.whl", hash = "sha256:2c5efc453d45394fdd706ade797c0a81091eccd1d6e4bccfcd476e2b8e0ab5d9", size = 375249, upload-time = "2026-04-07T17:16:16.13Z" },
]

[[package]]
name = "sccache"
version = "0.14.0"
source = { registry = "https://pypi.org/simple" }
wheels = [
    { url = "https://files.pythonhosted.org/packages/8b/e0/4e2ec19ddee32eadc874863ac97309f7beaebd82bb59affd404f663cd034/sccache-0.14.0-py3-none-macosx_10_12_x86_64.whl", hash = "sha256:fc5c7a2d3f50ca52a320854632303091fda58a4f64f9fd4dfdac2fe5625522d6", size = 7209996, upload-time = "2026-02-11T11:41:51.803Z" },
    { url = "https://files.pythonhosted.org/packages/77/9f/4e4f48b944c79ef6f6c405d53ddbbcb31f45c49580ae6edd0cc95f7756c4/sccache-0.14.0-py3-none-macosx_11_0_arm64.whl", hash = "sha256:ef90dd0327e562d08a2e3b4ce71d7c461f77d2711b618b360fee5eb6e4be6029", size = 6785557, upload-time = "2026-02-11T11:41:53.848Z" },
    { url = "https://files.pythonhosted.org/packages/97/95/a8dfe3d5340390b762310d9dec82868e1fb09b96c7197dee78e8ec82cb4b/sccache-0.14.0-py3-none-manylinux_2_17_aarch64.manylinux2014_aarch64.whl", hash = "sha256:ef43c6510b546682da01b9ecdf6d76870839be6ab39d2f47a1a0e91b9543de02", size = 9281538, upload-time = "2026-02-11T11:41:55.184Z" },
    { url = "https://files.pythonhosted.org/packages/35/6e/0978cd2ad92fb1d694b97b2a924245291159e6a27a1550f5de9ec02a1bb2/sccache-0.14.0-py3-none-manylinux_2_17_i686.manylinux2014_i686.whl", hash = "sha256:b8786d736f85c53824aed512d6ff7618ed3a4f770cdeb96cc6e738d5c4082ff9", size = 9466863, upload-time = "2026-02-11T11:41:57.239Z" },
    { url = "https://files.pythonhosted.org/packages/7a/ac/7eb7b2daa745d84deda13f1f0c6aca38d71ace1e2c296005179bf605d5a2/sccache-0.14.0-py3-none-manylinux_2_17_x86_64.manylinux2014_x86_64.whl", hash = "sha256:c03766623cc91ae79d209477ac11b413a14e28fca855eee89a1f5e80ea617e75", size = 14993950, upload-time = "2026-02-11T11:41:59.323Z" },
    { url = "https://files.pythonhosted.org/packages/48/46/94c9c46c387571a2167830994aa794d806da9e34c622559110053e3d0551/sccache-0.14.0-py3-none-manylinux_2_31_riscv64.whl", hash = "sha256:e97a531c5095bef679dc4ba02445b438bd3711aba90b163010222ef6b1cf214e", size = 8759388, upload-time = "2026-03-31T03:59:10.284Z" },
    { url = "https://files.pythonhosted.org/packages/b8/65/f4b86ed070b94818284af49c71803ef8047bb0f2221293363bc681b4edcc/sccache-0.14.0-py3-none-win32.whl", hash = "sha256:fa7e5cf8ce980243f96b65e919dd7867fb7fc2330cca425cc7ddee48100988ff", size = 7098039, upload-time = "2026-02-11T11:42:02.586Z" },
    { url = "https://files.pythonhosted.org/packages/10/b4/ca0f794c1d5dff602ace32fe2997b031bed28b7660bced7122fae13aecd0/sccache-0.14.0-py3-none-win_amd64.whl", hash = "sha256:bf5ea73aa775af4c30757ebdc1cc23a6ebbc135e7228f5489a20d7ebcedcb5ea", size = 8068035, upload-time = "2026-02-11T11:42:04.622Z" },
    { url = "https://files.pythonhosted.org/packages/47/1e/aefda1e95b4d6155dd49e69718745517c01a4be2ad572a31d3aba37d6a39/sccache-0.14.0-py3-none-win_arm64.whl", hash = "sha256:807c4c72abcdff218e99afb33e7ee317d15999bd399f2c3c7efb92cc363752fa", size = 7654768, upload-time = "2026-02-11T11:42:06.126Z" },
]
